Microsoft Visual Studio Solution File, Format Version 12.00
# Visual Studio Version 17
VisualStudioVersion = 17.13.35825.156
MinimumVisualStudioVersion = 10.0.40219.1
Project("{FAE04EC0-301F-11D3-BF4B-00C04F79EFBC}") = "Skyline.DataMiner.Utils.Categories", "Skyline.DataMiner.Utils.Categories\Skyline.DataMiner.Utils.Categories.csproj", "{8297606F-2266-439B-ACE2-30B135B31315}"
EndProject
Project("{FAE04EC0-301F-11D3-BF4B-00C04F79EFBC}") = "Skyline.DataMiner.Utils.Categories.Tests", "Skyline.DataMiner.Utils.Categories.Tests\Skyline.DataMiner.Utils.Categories.Tests.csproj", "{AAD16232-3BE4-4D15-B5A3-B0CEB884FD70}"
EndProject
Project("{FAE04EC0-301F-11D3-BF4B-00C04F79EFBC}") = "Skyline.DataMiner.Utils.Categories.Automation", "Skyline.DataMiner.Utils.Categories.Automation\Skyline.DataMiner.Utils.Categories.Automation.csproj", "{47D3C5C5-04D0-4425-827D-BA7C08290DDE}"
EndProject
Project("{FAE04EC0-301F-11D3-BF4B-00C04F79EFBC}") = "Skyline.DataMiner.Utils.Categories.Protocol", "Skyline.DataMiner.Utils.Categories.Protocol\Skyline.DataMiner.Utils.Categories.Protocol.csproj", "{E7787DC6-47F2-462E-A3DE-22B9EBE9C5D2}"
EndProject
Project("{FAE04EC0-301F-11D3-BF4B-00C04F79EFBC}") = "Skyline.DataMiner.Utils.Categories.GQI", "Skyline.DataMiner.Utils.Categories.GQI\Skyline.DataMiner.Utils.Categories.GQI.csproj", "{4CFEF59A-3B1E-4FBF-9F76-D7D92B8CDA72}"
EndProject
Project("{2150E333-8FDC-42A3-9474-1A3956D46DE8}") = "Solution Items", "Solution Items", "{A1A1A1A1-A1A1-A1A1-A1A1-A1A1A1A1A1A1}"
	ProjectSection(SolutionItems) = preProject
		README.md = README.md
	EndProjectSection
EndProject
Project("{2150E333-8FDC-42A3-9474-1A3956D46DE8}") = "Documentation", "Documentation", "{D1D1D1D1-D1D1-D1D1-D1D1-D1D1D1D1D1D1}"
	ProjectSection(SolutionItems) = preProject
		Documentation\README.md = Documentation\README.md
		Documentation\Quick Reference.md = Documentation\Quick Reference.md
		Documentation\Getting Started.md = Documentation\Getting Started.md
		Documentation\Core Concepts.md = Documentation\Core Concepts.md
		Documentation\Examples.md = Documentation\Examples.md
		Documentation\Caching.md = Documentation\Caching.md
		Documentation\Advanced Topics.md = Documentation\Advanced Topics.md
	EndProjectSection
EndProject
Global
	GlobalSection(SolutionConfigurationPlatforms) = preSolution
		Debug|Any CPU = Debug|Any CPU
		Release|Any CPU = Release|Any CPU
	EndGlobalSection
	GlobalSection(ProjectConfigurationPlatforms) = postSolution
		{8297606F-2266-439B-ACE2-30B135B31315}.Debug|Any CPU.ActiveCfg = Debug|Any CPU
		{8297606F-2266-439B-ACE2-30B135B31315}.Debug|Any CPU.Build.0 = Debug|Any CPU
		{8297606F-2266-439B-ACE2-30B135B31315}.Release|Any CPU.ActiveCfg = Release|Any CPU
		{8297606F-2266-439B-ACE2-30B135B31315}.Release|Any CPU.Build.0 = Release|Any CPU
		{AAD16232-3BE4-4D15-B5A3-B0CEB884FD70}.Debug|Any CPU.ActiveCfg = Debug|Any CPU
		{AAD16232-3BE4-4D15-B5A3-B0CEB884FD70}.Debug|Any CPU.Build.0 = Debug|Any CPU
		{AAD16232-3BE4-4D15-B5A3-B0CEB884FD70}.Release|Any CPU.ActiveCfg = Release|Any CPU
		{AAD16232-3BE4-4D15-B5A3-B0CEB884FD70}.Release|Any CPU.Build.0 = Release|Any CPU
		{47D3C5C5-04D0-4425-827D-BA7C08290DDE}.Debug|Any CPU.ActiveCfg = Debug|Any CPU
		{47D3C5C5-04D0-4425-827D-BA7C08290DDE}.Debug|Any CPU.Build.0 = Debug|Any CPU
		{47D3C5C5-04D0-4425-827D-BA7C08290DDE}.Release|Any CPU.ActiveCfg = Release|Any CPU
		{47D3C5C5-04D0-4425-827D-BA7C08290DDE}.Release|Any CPU.Build.0 = Release|Any CPU
		{E7787DC6-47F2-462E-A3DE-22B9EBE9C5D2}.Debug|Any CPU.ActiveCfg = Debug|Any CPU
		{E7787DC6-47F2-462E-A3DE-22B9EBE9C5D2}.Debug|Any CPU.Build.0 = Debug|Any CPU
		{E7787DC6-47F2-462E-A3DE-22B9EBE9C5D2}.Release|Any CPU.ActiveCfg = Release|Any CPU
		{E7787DC6-47F2-462E-A3DE-22B9EBE9C5D2}.Release|Any CPU.Build.0 = Release|Any CPU
		{4CFEF59A-3B1E-4FBF-9F76-D7D92B8CDA72}.Debug|Any CPU.ActiveCfg = Debug|Any CPU
		{4CFEF59A-3B1E-4FBF-9F76-D7D92B8CDA72}.Debug|Any CPU.Build.0 = Debug|Any CPU
		{4CFEF59A-3B1E-4FBF-9F76-D7D92B8CDA72}.Release|Any CPU.ActiveCfg = Release|Any CPU
		{4CFEF59A-3B1E-4FBF-9F76-D7D92B8CDA72}.Release|Any CPU.Build.0 = Release|Any CPU
	EndGlobalSection
	GlobalSection(SolutionProperties) = preSolution
		HideSolutionNode = FALSE
	EndGlobalSection
	GlobalSection(ExtensibilityGlobals) = postSolution
		SolutionGuid = {B789B6DC-F638-4ED0-A2EE-B9245A301276}
	EndGlobalSection
EndGlobal
